
Microsoft Visual Studio Solution File, Format Version 12.00
Project("{FAE04EC0-301F-11D3-BF4B-00C04F79EFBC}") = "NotificationService.Application", "NotificationService.Application\NotificationService.Application.csproj", "{19EEA60B-F26F-401A-8807-AAA7FA64F425}"
EndProject
Project("{FAE04EC0-301F-11D3-BF4B-00C04F79EFBC}") = "NotificationService.Domain", "NotificationService.Domain\NotificationService.Domain.csproj", "{7FDF7A72-7A5D-404E-9F95-AEFD65DEAFE7}"
EndProject
Project("{FAE04EC0-301F-11D3-BF4B-00C04F79EFBC}") = "NotificationService.Infrastructure", "NotificationService.Infrastructure\NotificationService.Infrastructure.csproj", "{43A06FB6-D920-4A81-8FAF-12F03043A6B8}"
EndProject
Project("{FAE04EC0-301F-11D3-BF4B-00C04F79EFBC}") = "NotificationService.Worker", "NotificationService.Worker\NotificationService.Worker.csproj", "{E1B49C22-C828-4522-AB62-EE3FFC85BAFF}"
EndProject
Global
	GlobalSection(SolutionConfigurationPlatforms) = preSolution
		Debug|Any CPU = Debug|Any CPU
		Debug|x64 = Debug|x64
		Debug|x86 = Debug|x86
		Release|Any CPU = Release|Any CPU
		Release|x64 = Release|x64
		Release|x86 = Release|x86
	EndGlobalSection
	GlobalSection(ProjectConfigurationPlatforms) = postSolution
		{19EEA60B-F26F-401A-8807-AAA7FA64F425}.Debug|Any CPU.ActiveCfg = Debug|Any CPU
		{19EEA60B-F26F-401A-8807-AAA7FA64F425}.Debug|Any CPU.Build.0 = Debug|Any CPU
		{19EEA60B-F26F-401A-8807-AAA7FA64F425}.Debug|x64.ActiveCfg = Debug|Any CPU
		{19EEA60B-F26F-401A-8807-AAA7FA64F425}.Debug|x64.Build.0 = Debug|Any CPU
		{19EEA60B-F26F-401A-8807-AAA7FA64F425}.Debug|x86.ActiveCfg = Debug|Any CPU
		{19EEA60B-F26F-401A-8807-AAA7FA64F425}.Debug|x86.Build.0 = Debug|Any CPU
		{19EEA60B-F26F-401A-8807-AAA7FA64F425}.Release|Any CPU.ActiveCfg = Release|Any CPU
		{19EEA60B-F26F-401A-8807-AAA7FA64F425}.Release|Any CPU.Build.0 = Release|Any CPU
		{19EEA60B-F26F-401A-8807-AAA7FA64F425}.Release|x64.ActiveCfg = Release|Any CPU
		{19EEA60B-F26F-401A-8807-AAA7FA64F425}.Release|x64.Build.0 = Release|Any CPU
		{19EEA60B-F26F-401A-8807-AAA7FA64F425}.Release|x86.ActiveCfg = Release|Any CPU
		{19EEA60B-F26F-401A-8807-AAA7FA64F425}.Release|x86.Build.0 = Release|Any CPU
		{7FDF7A72-7A5D-404E-9F95-AEFD65DEAFE7}.Debug|Any CPU.ActiveCfg = Debug|Any CPU
		{7FDF7A72-7A5D-404E-9F95-AEFD65DEAFE7}.Debug|Any CPU.Build.0 = Debug|Any CPU
		{7FDF7A72-7A5D-404E-9F95-AEFD65DEAFE7}.Debug|x64.ActiveCfg = Debug|Any CPU
		{7FDF7A72-7A5D-404E-9F95-AEFD65DEAFE7}.Debug|x64.Build.0 = Debug|Any CPU
		{7FDF7A72-7A5D-404E-9F95-AEFD65DEAFE7}.Debug|x86.ActiveCfg = Debug|Any CPU
		{7FDF7A72-7A5D-404E-9F95-AEFD65DEAFE7}.Debug|x86.Build.0 = Debug|Any CPU
		{7FDF7A72-7A5D-404E-9F95-AEFD65DEAFE7}.Release|Any CPU.ActiveCfg = Release|Any CPU
		{7FDF7A72-7A5D-404E-9F95-AEFD65DEAFE7}.Release|Any CPU.Build.0 = Release|Any CPU
		{7FDF7A72-7A5D-404E-9F95-AEFD65DEAFE7}.Release|x64.ActiveCfg = Release|Any CPU
		{7FDF7A72-7A5D-404E-9F95-AEFD65DEAFE7}.Release|x64.Build.0 = Release|Any CPU
		{7FDF7A72-7A5D-404E-9F95-AEFD65DEAFE7}.Release|x86.ActiveCfg = Release|Any CPU
		{7FDF7A72-7A5D-404E-9F95-AEFD65DEAFE7}.Release|x86.Build.0 = Release|Any CPU
		{43A06FB6-D920-4A81-8FAF-12F03043A6B8}.Debug|Any CPU.ActiveCfg = Debug|Any CPU
		{43A06FB6-D920-4A81-8FAF-12F03043A6B8}.Debug|Any CPU.Build.0 = Debug|Any CPU
		{43A06FB6-D920-4A81-8FAF-12F03043A6B8}.Debug|x64.ActiveCfg = Debug|Any CPU
		{43A06FB6-D920-4A81-8FAF-12F03043A6B8}.Debug|x64.Build.0 = Debug|Any CPU
		{43A06FB6-D920-4A81-8FAF-12F03043A6B8}.Debug|x86.ActiveCfg = Debug|Any CPU
		{43A06FB6-D920-4A81-8FAF-12F03043A6B8}.Debug|x86.Build.0 = Debug|Any CPU
		{43A06FB6-D920-4A81-8FAF-12F03043A6B8}.Release|Any CPU.ActiveCfg = Release|Any CPU
		{43A06FB6-D920-4A81-8FAF-12F03043A6B8}.Release|Any CPU.Build.0 = Release|Any CPU
		{43A06FB6-D920-4A81-8FAF-12F03043A6B8}.Release|x64.ActiveCfg = Release|Any CPU
		{43A06FB6-D920-4A81-8FAF-12F03043A6B8}.Release|x64.Build.0 = Release|Any CPU
		{43A06FB6-D920-4A81-8FAF-12F03043A6B8}.Release|x86.ActiveCfg = Release|Any CPU
		{43A06FB6-D920-4A81-8FAF-12F03043A6B8}.Release|x86.Build.0 = Release|Any CPU
		{E1B49C22-C828-4522-AB62-EE3FFC85BAFF}.Debug|Any CPU.ActiveCfg = Debug|Any CPU
		{E1B49C22-C828-4522-AB62-EE3FFC85BAFF}.Debug|Any CPU.Build.0 = Debug|Any CPU
		{E1B49C22-C828-4522-AB62-EE3FFC85BAFF}.Debug|x64.ActiveCfg = Debug|Any CPU
		{E1B49C22-C828-4522-AB62-EE3FFC85BAFF}.Debug|x64.Build.0 = Debug|Any CPU
		{E1B49C22-C828-4522-AB62-EE3FFC85BAFF}.Debug|x86.ActiveCfg = Debug|Any CPU
		{E1B49C22-C828-4522-AB62-EE3FFC85BAFF}.Debug|x86.Build.0 = Debug|Any CPU
		{E1B49C22-C828-4522-AB62-EE3FFC85BAFF}.Release|Any CPU.ActiveCfg = Release|Any CPU
		{E1B49C22-C828-4522-AB62-EE3FFC85BAFF}.Release|Any CPU.Build.0 = Release|Any CPU
		{E1B49C22-C828-4522-AB62-EE3FFC85BAFF}.Release|x64.ActiveCfg = Release|Any CPU
		{E1B49C22-C828-4522-AB62-EE3FFC85BAFF}.Release|x64.Build.0 = Release|Any CPU
		{E1B49C22-C828-4522-AB62-EE3FFC85BAFF}.Release|x86.ActiveCfg = Release|Any CPU
		{E1B49C22-C828-4522-AB62-EE3FFC85BAFF}.Release|x86.Build.0 = Release|Any CPU
	EndGlobalSection
	GlobalSection(SolutionProperties) = preSolution
		HideSolutionNode = FALSE
	EndGlobalSection
EndGlobal
